// !$*UTF8*$!
{
	archiveVersion = 1;
	classes = {
	};
	objectVersion = 77;
	objects = {

/* Begin PBXBuildFile section */
		A57AFA162D9EE93200D9AFB5 /* BlockSet in Frameworks */ = {isa = PBXBuildFile; productRef = A57AFA152D9EE93200D9AFB5 /* BlockSet */; };
/* End PBXBuildFile section */

/* Begin PBXContainerItemProxy section */
		A535620C2D83D40300F420A1 /* PBXContainerItemProxy */ = {
			isa = PBXContainerItemProxy;
			containerPortal = A53561F22D83D40100F420A1 /* Project object */;
			proxyType = 1;
			remoteGlobalIDString = A53561F92D83D40100F420A1;
			remoteInfo = "blockset-macview";
		};
		A53562162D83D40300F420A1 /* PBXContainerItemProxy */ = {
			isa = PBXContainerItemProxy;
			containerPortal = A53561F22D83D40100F420A1 /* Project object */;
			proxyType = 1;
			remoteGlobalIDString = A53561F92D83D40100F420A1;
			remoteInfo = "blockset-macview";
		};
/* End PBXContainerItemProxy section */

/* Begin PBXFileReference section */
		A53561FA2D83D40100F420A1 /* blockset-macview.app */ = {isa = PBXFileReference; explicitFileType = wrapper.application; includeInIndex = 0; path = "blockset-macview.app"; sourceTree = BUILT_PRODUCTS_DIR; };
		A535620B2D83D40300F420A1 /* blockset-macviewTests.xctest */ = {isa = PBXFileReference; explicitFileType = wrapper.cfbundle; includeInIndex = 0; path = "blockset-macviewTests.xctest"; sourceTree = BUILT_PRODUCTS_DIR; };
		A53562152D83D40300F420A1 /* blockset-macviewUITests.xctest */ = {isa = PBXFileReference; explicitFileType = wrapper.cfbundle; includeInIndex = 0; path = "blockset-macviewUITests.xctest"; sourceTree = BUILT_PRODUCTS_DIR; };
/* End PBXFileReference section */

/* Begin PBXFileSystemSynchronizedRootGroup section */
		A53561FC2D83D40100F420A1 /* blockset-macview */ = {
			isa = PBXFileSystemSynchronizedRootGroup;
			path = "blockset-macview";
			sourceTree = "<group>";
		};
		A535620E2D83D40300F420A1 /* blockset-macviewTests */ = {
			isa = PBXFileSystemSynchronizedRootGroup;
			path = "blockset-macviewTests";
			sourceTree = "<group>";
		};
		A53562182D83D40300F420A1 /* blockset-macviewUITests */ = {
			isa = PBXFileSystemSynchronizedRootGroup;
			path = "blockset-macviewUITests";
			sourceTree = "<group>";
		};
/* End PBXFileSystemSynchronizedRootGroup section */

/* Begin PBXFrameworksBuildPhase section */
		A53561F72D83D40100F420A1 /* Frameworks */ = {
			isa = PBXFrameworksBuildPhase;
			buildActionMask = 2147483647;
			files = (
				A57AFA162D9EE93200D9AFB5 /* BlockSet in Frameworks */,
			);
			runOnlyForDeploymentPostprocessing = 0;
		};
		A53562082D83D40300F420A1 /* Frameworks */ = {
			isa = PBXFrameworksBuildPhase;
			buildActionMask = 2147483647;
			files = (
			);
			runOnlyForDeploymentPostprocessing = 0;
		};
		A53562122D83D40300F420A1 /* Frameworks */ = {
			isa = PBXFrameworksBuildPhase;
			buildActionMask = 2147483647;
			files = (
			);
			runOnlyForDeploymentPostprocessing = 0;
		};
/* End PBXFrameworksBuildPhase section */

/* Begin PBXGroup section */
		A53561F12D83D40100F420A1 = {
			isa = PBXGroup;
			children = (
				A53561FC2D83D40100F420A1 /* blockset-macview */,
				A535620E2D83D40300F420A1 /* blockset-macviewTests */,
				A53562182D83D40300F420A1 /* blockset-macviewUITests */,
				A53561FB2D83D40100F420A1 /* Products */,
			);
			sourceTree = "<group>";
		};
		A53561FB2D83D40100F420A1 /* Products */ = {
			isa = PBXGroup;
			children = (
				A53561FA2D83D40100F420A1 /* blockset-macview.app */,
				A535620B2D83D40300F420A1 /* blockset-macviewTests.xctest */,
				A53562152D83D40300F420A1 /* blockset-macviewUITests.xctest */,
			);
			name = Products;
			sourceTree = "<group>";
		};
/* End PBXGroup section */

/* Begin PBXNativeTarget section */
		A53561F92D83D40100F420A1 /* blockset-macview */ = {
			isa = PBXNativeTarget;
			buildConfigurationList = A535621F2D83D40300F420A1 /* Build configuration list for PBXNativeTarget "blockset-macview" */;
			buildPhases = (
				A53561F62D83D40100F420A1 /* Sources */,
				A53561F72D83D40100F420A1 /* Frameworks */,
				A53561F82D83D40100F420A1 /* Resources */,
			);
			buildRules = (
			);
			dependencies = (
			);
			fileSystemSynchronizedGroups = (
				A53561FC2D83D40100F420A1 /* blockset-macview */,
			);
			name = "blockset-macview";
			packageProductDependencies = (
				A57AFA152D9EE93200D9AFB5 /* BlockSet */,
			);
			productName = "blockset-macview";
			productReference = A53561FA2D83D40100F420A1 /* blockset-macview.app */;
			productType = "com.apple.product-type.application";
		};
		A535620A2D83D40300F420A1 /* blockset-macviewTests */ = {
			isa = PBXNativeTarget;
			buildConfigurationList = A53562222D83D40300F420A1 /* Build configuration list for PBXNativeTarget "blockset-macviewTests" */;
			buildPhases = (
				A53562072D83D40300F420A1 /* Sources */,
				A53562082D83D40300F420A1 /* Frameworks */,
				A53562092D83D40300F420A1 /* Resources */,
			);
			buildRules = (
			);
			dependencies = (
				A535620D2D83D40300F420A1 /* PBXTargetDependency */,
			);
			fileSystemSynchronizedGroups = (
				A535620E2D83D40300F420A1 /* blockset-macviewTests */,
			);
			name = "blockset-macviewTests";
			packageProductDependencies = (
			);
			productName = "blockset-macviewTests";
			productReference = A535620B2D83D40300F420A1 /* blockset-macviewTests.xctest */;
			productType = "com.apple.product-type.bundle.unit-test";
		};
		A53562142D83D40300F420A1 /* blockset-macviewUITests */ = {
			isa = PBXNativeTarget;
			buildConfigurationList = A53562252D83D40300F420A1 /* Build configuration list for PBXNativeTarget "blockset-macviewUITests" */;
			buildPhases = (
				A53562112D83D40300F420A1 /* Sources */,
				A53562122D83D40300F420A1 /* Frameworks */,
				A53562132D83D40300F420A1 /* Resources */,
			);
			buildRules = (
			);
			dependencies = (
				A53562172D83D40300F420A1 /* PBXTargetDependency */,
			);
			fileSystemSynchronizedGroups = (
				A53562182D83D40300F420A1 /* blockset-macviewUITests */,
			);
			name = "blockset-macviewUITests";
			packageProductDependencies = (
			);
			productName = "blockset-macviewUITests";
			productReference = A53562152D83D40300F420A1 /* blockset-macviewUITests.xctest */;
			productType = "com.apple.product-type.bundle.ui-testing";
		};
/* End PBXNativeTarget section */

/* Begin PBXProject section */
		A53561F22D83D40100F420A1 /* Project object */ = {
			isa = PBXProject;
			attributes = {
				BuildIndependentTargetsInParallel = 1;
				LastSwiftUpdateCheck = 1620;
				LastUpgradeCheck = 1630;
				TargetAttributes = {
					A53561F92D83D40100F420A1 = {
						CreatedOnToolsVersion = 16.2;
					};
					A535620A2D83D40300F420A1 = {
						CreatedOnToolsVersion = 16.2;
						TestTargetID = A53561F92D83D40100F420A1;
					};
					A53562142D83D40300F420A1 = {
						CreatedOnToolsVersion = 16.2;
						TestTargetID = A53561F92D83D40100F420A1;
					};
				};
			};
			buildConfigurationList = A53561F52D83D40100F420A1 /* Build configuration list for PBXProject "blockset-macview" */;
			developmentRegion = en;
			hasScannedForEncodings = 0;
			knownRegions = (
				en,
				Base,
			);
			mainGroup = A53561F12D83D40100F420A1;
			minimizedProjectReferenceProxies = 1;
			packageReferences = (
				A57AFA142D9EE93200D9AFB5 /* XCRemoteSwiftPackageReference "blockset-swift" */,
			);
			preferredProjectObjectVersion = 77;
			productRefGroup = A53561FB2D83D40100F420A1 /* Products */;
			projectDirPath = "";
			projectRoot = "";
			targets = (
				A53561F92D83D40100F420A1 /* blockset-macview */,
				A535620A2D83D40300F420A1 /* blockset-macviewTests */,
				A53562142D83D40300F420A1 /* blockset-macviewUITests */,
			);
		};
/* End PBXProject section */

/* Begin PBXResourcesBuildPhase section */
		A53561F82D83D40100F420A1 /* Resources */ = {
			isa = PBXResourcesBuildPhase;
			buildActionMask = 2147483647;
			files = (
			);
			runOnlyForDeploymentPostprocessing = 0;
		};
		A53562092D83D40300F420A1 /* Resources */ = {
			isa = PBXResourcesBuildPhase;
			buildActionMask = 2147483647;
			files = (
			);
			runOnlyForDeploymentPostprocessing = 0;
		};
		A53562132D83D40300F420A1 /* Resources */ = {
			isa = PBXResourcesBuildPhase;
			buildActionMask = 2147483647;
			files = (
			);
			runOnlyForDeploymentPostprocessing = 0;
		};
/* End PBXResourcesBuildPhase section */

/* Begin PBXSourcesBuildPhase section */
		A53561F62D83D40100F420A1 /* Sources */ = {
			isa = PBXSourcesBuildPhase;
			buildActionMask = 2147483647;
			files = (
			);
			runOnlyForDeploymentPostprocessing = 0;
		};
		A53562072D83D40300F420A1 /* Sources */ = {
			isa = PBXSourcesBuildPhase;
			buildActionMask = 2147483647;
			files = (
			);
			runOnlyForDeploymentPostprocessing = 0;
		};
		A53562112D83D40300F420A1 /* Sources */ = {
			isa = PBXSourcesBuildPhase;
			buildActionMask = 2147483647;
			files = (
			);
			runOnlyForDeploymentPostprocessing = 0;
		};
/* End PBXSourcesBuildPhase section */

/* Begin PBXTargetDependency section */
		A535620D2D83D40300F420A1 /* PBXTargetDependency */ = {
			isa = PBXTargetDependency;
			target = A53561F92D83D40100F420A1 /* blockset-macview */;
			targetProxy = A535620C2D83D40300F420A1 /* PBXContainerItemProxy */;
		};
		A53562172D83D40300F420A1 /* PBXTargetDependency */ = {
			isa = PBXTargetDependency;
			target = A53561F92D83D40100F420A1 /* blockset-macview */;
			targetProxy = A53562162D83D40300F420A1 /* PBXContainerItemProxy */;
		};
/* End PBXTargetDependency section */

/* Begin XCBuildConfiguration section */
		A535621D2D83D40300F420A1 /* Debug */ = {
			isa = XCBuildConfiguration;
			buildSettings = {
				ALWAYS_SEARCH_USER_PATHS = NO;
				ASSETCATALOG_COMPILER_GENERATE_SWIFT_ASSET_SYMBOL_EXTENSIONS = YES;
				CLANG_ANALYZER_NONNULL = YES;
				CLANG_ANALYZER_NUMBER_OBJECT_CONVERSION = YES_AGGRESSIVE;
				CLANG_CXX_LANGUAGE_STANDARD = "gnu++20";
				CLANG_ENABLE_MODULES = YES;
				CLANG_ENABLE_OBJC_ARC = YES;
				CLANG_ENABLE_OBJC_WEAK = YES;
				CLANG_WARN_BLOCK_CAPTURE_AUTORELEASING = YES;
				CLANG_WARN_BOOL_CONVERSION = YES;
				CLANG_WARN_COMMA = YES;
				CLANG_WARN_CONSTANT_CONVERSION = YES;
				CLANG_WARN_DEPRECATED_OBJC_IMPLEMENTATIONS = YES;
				CLANG_WARN_DIRECT_OBJC_ISA_USAGE = YES_ERROR;
				CLANG_WARN_DOCUMENTATION_COMMENTS = YES;
				CLANG_WARN_EMPTY_BODY = YES;
				CLANG_WARN_ENUM_CONVERSION = YES;
				CLANG_WARN_INFINITE_RECURSION = YES;
				CLANG_WARN_INT_CONVERSION = YES;
				CLANG_WARN_NON_LITERAL_NULL_CONVERSION = YES;
				CLANG_WARN_OBJC_IMPLICIT_RETAIN_SELF = YES;
				CLANG_WARN_OBJC_LITERAL_CONVERSION = YES;
				CLANG_WARN_OBJC_ROOT_CLASS = YES_ERROR;
				CLANG_WARN_QUOTED_INCLUDE_IN_FRAMEWORK_HEADER = YES;
				CLANG_WARN_RANGE_LOOP_ANALYSIS = YES;
				CLANG_WARN_STRICT_PROTOTYPES = YES;
				CLANG_WARN_SUSPICIOUS_MOVE = YES;
				CLANG_WARN_UNGUARDED_AVAILABILITY = YES_AGGRESSIVE;
				CLANG_WARN_UNREACHABLE_CODE = YES;
				CLANG_WARN__DUPLICATE_METHOD_MATCH = YES;
				COPY_PHASE_STRIP = NO;
				DEAD_CODE_STRIPPING = YES;
				DEBUG_INFORMATION_FORMAT = dwarf;
				ENABLE_STRICT_OBJC_MSGSEND = YES;
				ENABLE_TESTABILITY = YES;
				ENABLE_USER_SCRIPT_SANDBOXING = YES;
				GCC_C_LANGUAGE_STANDARD = gnu17;
				GCC_DYNAMIC_NO_PIC = NO;
				GCC_NO_COMMON_BLOCKS = YES;
				GCC_OPTIMIZATION_LEVEL = 0;
				GCC_PREPROCESSOR_DEFINITIONS = (
					"DEBUG=1",
					"$(inherited)",
				);
				GCC_WARN_64_TO_32_BIT_CONVERSION = YES;
				GCC_WARN_ABOUT_RETURN_TYPE = YES_ERROR;
				GCC_WARN_UNDECLARED_SELECTOR = YES;
				GCC_WARN_UNINITIALIZED_AUTOS = YES_AGGRESSIVE;
				GCC_WARN_UNUSED_FUNCTION = YES;
				GCC_WARN_UNUSED_VARIABLE = YES;
				LOCALIZATION_PREFERS_STRING_CATALOGS = YES;
				MACOSX_DEPLOYMENT_TARGET = 15.2;
				MTL_ENABLE_DEBUG_INFO = INCLUDE_SOURCE;
				MTL_FAST_MATH = YES;
				ONLY_ACTIVE_ARCH = YES;
				SDKROOT = macosx;
				SWIFT_ACTIVE_COMPILATION_CONDITIONS = "DEBUG $(inherited)";
				SWIFT_OPTIMIZATION_LEVEL = "-Onone";
			};
			name = Debug;
		};
		A535621E2D83D40300F420A1 /* Release */ = {
			isa = XCBuildConfiguration;
			buildSettings = {
				ALWAYS_SEARCH_USER_PATHS = NO;
				ASSETCATALOG_COMPILER_GENERATE_SWIFT_ASSET_SYMBOL_EXTENSIONS = YES;
				CLANG_ANALYZER_NONNULL = YES;
				CLANG_ANALYZER_NUMBER_OBJECT_CONVERSION = YES_AGGRESSIVE;
				CLANG_CXX_LANGUAGE_STANDARD = "gnu++20";
				CLANG_ENABLE_MODULES = YES;
				CLANG_ENABLE_OBJC_ARC = YES;
				CLANG_ENABLE_OBJC_WEAK = YES;
				CLANG_WARN_BLOCK_CAPTURE_AUTORELEASING = YES;
				CLANG_WARN_BOOL_CONVERSION = YES;
				CLANG_WARN_COMMA = YES;
				CLANG_WARN_CONSTANT_CONVERSION = YES;
				CLANG_WARN_DEPRECATED_OBJC_IMPLEMENTATIONS = YES;
				CLANG_WARN_DIRECT_OBJC_ISA_USAGE = YES_ERROR;
				CLANG_WARN_DOCUMENTATION_COMMENTS = YES;
				CLANG_WARN_EMPTY_BODY = YES;
				CLANG_WARN_ENUM_CONVERSION = YES;
				CLANG_WARN_INFINITE_RECURSION = YES;
				CLANG_WARN_INT_CONVERSION = YES;
				CLANG_WARN_NON_LITERAL_NULL_CONVERSION = YES;
				CLANG_WARN_OBJC_IMPLICIT_RETAIN_SELF = YES;
				CLANG_WARN_OBJC_LITERAL_CONVERSION = YES;
				CLANG_WARN_OBJC_ROOT_CLASS = YES_ERROR;
				CLANG_WARN_QUOTED_INCLUDE_IN_FRAMEWORK_HEADER = YES;
				CLANG_WARN_RANGE_LOOP_ANALYSIS = YES;
				CLANG_WARN_STRICT_PROTOTYPES = YES;
				CLANG_WARN_SUSPICIOUS_MOVE = YES;
				CLANG_WARN_UNGUARDED_AVAILABILITY = YES_AGGRESSIVE;
				CLANG_WARN_UNREACHABLE_CODE = YES;
				CLANG_WARN__DUPLICATE_METHOD_MATCH = YES;
				COPY_PHASE_STRIP = NO;
				DEAD_CODE_STRIPPING = YES;
				DEBUG_INFORMATION_FORMAT = "dwarf-with-dsym";
				ENABLE_NS_ASSERTIONS = NO;
				ENABLE_STRICT_OBJC_MSGSEND = YES;
				ENABLE_USER_SCRIPT_SANDBOXING = YES;
				GCC_C_LANGUAGE_STANDARD = gnu17;
				GCC_NO_COMMON_BLOCKS = YES;
				GCC_WARN_64_TO_32_BIT_CONVERSION = YES;
				GCC_WARN_ABOUT_RETURN_TYPE = YES_ERROR;
				GCC_WARN_UNDECLARED_SELECTOR = YES;
				GCC_WARN_UNINITIALIZED_AUTOS = YES_AGGRESSIVE;
				GCC_WARN_UNUSED_FUNCTION = YES;
				GCC_WARN_UNUSED_VARIABLE = YES;
				LOCALIZATION_PREFERS_STRING_CATALOGS = YES;
				MACOSX_DEPLOYMENT_TARGET = 15.2;
				MTL_ENABLE_DEBUG_INFO = NO;
				MTL_FAST_MATH = YES;
				SDKROOT = macosx;
				SWIFT_COMPILATION_MODE = wholemodule;
			};
			name = Release;
		};
		A53562202D83D40300F420A1 /* Debug */ = {
			isa = XCBuildConfiguration;
			buildSettings = {
				ASSETCATALOG_COMPILER_APPICON_NAME = AppIcon;
				ASSETCATALOG_COMPILER_GLOBAL_ACCENT_COLOR_NAME = AccentColor;
				CODE_SIGN_ENTITLEMENTS = "blockset-macview/blockset_macview.entitlements";
				CODE_SIGN_IDENTITY = "Apple Development";
				"CODE_SIGN_IDENTITY[sdk=macosx*]" = "-";
				CODE_SIGN_STYLE = Manual;
				COMBINE_HIDPI_IMAGES = YES;
				CURRENT_PROJECT_VERSION = 1;
				DEAD_CODE_STRIPPING = YES;
				DEVELOPMENT_ASSET_PATHS = "\"blockset-macview/Preview Content\"";
				DEVELOPMENT_TEAM = "";
				ENABLE_HARDENED_RUNTIME = YES;
				ENABLE_PREVIEWS = YES;
				GENERATE_INFOPLIST_FILE = YES;
				INFOPLIST_KEY_NSHumanReadableCopyright = "";
				LD_RUNPATH_SEARCH_PATHS = (
					"$(inherited)",
					"@executable_path/../Frameworks",
				);
				MACOSX_DEPLOYMENT_TARGET = 15.0;
				MARKETING_VERSION = 1.0;
				PRODUCT_BUNDLE_IDENTIFIER = "com.social.nolock.blockset-macview";
				PRODUCT_NAME = "$(TARGET_NAME)";
				PROVISIONING_PROFILE_SPECIFIER = "";
				SWIFT_EMIT_LOC_STRINGS = YES;
				SWIFT_VERSION = 5.0;
			};
			name = Debug;
		};
		A53562212D83D40300F420A1 /* Release */ = {
			isa = XCBuildConfiguration;
			buildSettings = {
				ASSETCATALOG_COMPILER_APPICON_NAME = AppIcon;
				ASSETCATALOG_COMPILER_GLOBAL_ACCENT_COLOR_NAME = AccentColor;
				CODE_SIGN_ENTITLEMENTS = "blockset-macview/blockset_macview.entitlements";
				CODE_SIGN_IDENTITY = "Apple Development";
				"CODE_SIGN_IDENTITY[sdk=macosx*]" = "-";
				CODE_SIGN_STYLE = Manual;
				COMBINE_HIDPI_IMAGES = YES;
				CURRENT_PROJECT_VERSION = 1;
				DEAD_CODE_STRIPPING = YES;
				DEVELOPMENT_ASSET_PATHS = "\"blockset-macview/Preview Content\"";
				DEVELOPMENT_TEAM = "";
				ENABLE_HARDENED_RUNTIME = YES;
				ENABLE_PREVIEWS = YES;
				GENERATE_INFOPLIST_FILE = YES;
				INFOPLIST_KEY_NSHumanReadableCopyright = "";
				LD_RUNPATH_SEARCH_PATHS = (
					"$(inherited)",
					"@executable_path/../Frameworks",
				);
				MACOSX_DEPLOYMENT_TARGET = 15.0;
				MARKETING_VERSION = 1.0;
				PRODUCT_BUNDLE_IDENTIFIER = "com.social.nolock.blockset-macview";
				PRODUCT_NAME = "$(TARGET_NAME)";
				PROVISIONING_PROFILE_SPECIFIER = "";
				SWIFT_EMIT_LOC_STRINGS = YES;
				SWIFT_VERSION = 5.0;
			};
			name = Release;
		};
		A53562232D83D40300F420A1 /* Debug */ = {
			isa = XCBuildConfiguration;
			buildSettings = {
				BUNDLE_LOADER = "$(TEST_HOST)";
				CODE_SIGN_STYLE = Automatic;
				CURRENT_PROJECT_VERSION = 1;
				DEAD_CODE_STRIPPING = YES;
				GENERATE_INFOPLIST_FILE = YES;
				MACOSX_DEPLOYMENT_TARGET = 15.2;
				MARKETING_VERSION = 1.0;
				PRODUCT_BUNDLE_IDENTIFIER = "social.nolock.blockset-macviewTests";
				PRODUCT_NAME = "$(TARGET_NAME)";
				SWIFT_EMIT_LOC_STRINGS = NO;
				SWIFT_VERSION = 5.0;
				TEST_HOST = "$(BUILT_PRODUCTS_DIR)/blockset-macview.app/$(BUNDLE_EXECUTABLE_FOLDER_PATH)/blockset-macview";
			};
			name = Debug;
		};
		A53562242D83D40300F420A1 /* Release */ = {
			isa = XCBuildConfiguration;
			buildSettings = {
				BUNDLE_LOADER = "$(TEST_HOST)";
				CODE_SIGN_STYLE = Automatic;
				CURRENT_PROJECT_VERSION = 1;
				DEAD_CODE_STRIPPING = YES;
				GENERATE_INFOPLIST_FILE = YES;
				MACOSX_DEPLOYMENT_TARGET = 15.2;
				MARKETING_VERSION = 1.0;
				PRODUCT_BUNDLE_IDENTIFIER = "social.nolock.blockset-macviewTests";
				PRODUCT_NAME = "$(TARGET_NAME)";
				SWIFT_EMIT_LOC_STRINGS = NO;
				SWIFT_VERSION = 5.0;
				TEST_HOST = "$(BUILT_PRODUCTS_DIR)/blockset-macview.app/$(BUNDLE_EXECUTABLE_FOLDER_PATH)/blockset-macview";
			};
			name = Release;
		};
		A53562262D83D40300F420A1 /* Debug */ = {
			isa = XCBuildConfiguration;
			buildSettings = {
				CODE_SIGN_STYLE = Automatic;
				CURRENT_PROJECT_VERSION = 1;
				DEAD_CODE_STRIPPING = YES;
				GENERATE_INFOPLIST_FILE = YES;
				MARKETING_VERSION = 1.0;
				PRODUCT_BUNDLE_IDENTIFIER = "social.nolock.blockset-macviewUITests";
				PRODUCT_NAME = "$(TARGET_NAME)";
				SWIFT_EMIT_LOC_STRINGS = NO;
				SWIFT_VERSION = 5.0;
				TEST_TARGET_NAME = "blockset-macview";
			};
			name = Debug;
		};
		A53562272D83D40300F420A1 /* Release */ = {
			isa = XCBuildConfiguration;
			buildSettings = {
				CODE_SIGN_STYLE = Automatic;
				CURRENT_PROJECT_VERSION = 1;
				DEAD_CODE_STRIPPING = YES;
				GENERATE_INFOPLIST_FILE = YES;
				MARKETING_VERSION = 1.0;
				PRODUCT_BUNDLE_IDENTIFIER = "social.nolock.blockset-macviewUITests";
				PRODUCT_NAME = "$(TARGET_NAME)";
				SWIFT_EMIT_LOC_STRINGS = NO;
				SWIFT_VERSION = 5.0;
				TEST_TARGET_NAME = "blockset-macview";
			};
			name = Release;
		};
/* End XCBuildConfiguration section */

/* Begin XCConfigurationList section */
		A53561F52D83D40100F420A1 /* Build configuration list for PBXProject "blockset-macview" */ = {
			isa = XCConfigurationList;
			buildConfigurations = (
				A535621D2D83D40300F420A1 /* Debug */,
				A535621E2D83D40300F420A1 /* Release */,
			);
			defaultConfigurationIsVisible = 0;
			defaultConfigurationName = Release;
		};
		A535621F2D83D40300F420A1 /* Build configuration list for PBXNativeTarget "blockset-macview" */ = {
			isa = XCConfigurationList;
			buildConfigurations = (
				A53562202D83D40300F420A1 /* Debug */,
				A53562212D83D40300F420A1 /* Release */,
			);
			defaultConfigurationIsVisible = 0;
			defaultConfigurationName = Release;
		};
		A53562222D83D40300F420A1 /* Build configuration list for PBXNativeTarget "blockset-macviewTests" */ = {
			isa = XCConfigurationList;
			buildConfigurations = (
				A53562232D83D40300F420A1 /* Debug */,
				A53562242D83D40300F420A1 /* Release */,
			);
			defaultConfigurationIsVisible = 0;
			defaultConfigurationName = Release;
		};
		A53562252D83D40300F420A1 /* Build configuration list for PBXNativeTarget "blockset-macviewUITests" */ = {
			isa = XCConfigurationList;
			buildConfigurations = (
				A53562262D83D40300F420A1 /* Debug */,
				A53562272D83D40300F420A1 /* Release */,
			);
			defaultConfigurationIsVisible = 0;
			defaultConfigurationName = Release;
		};
/* End XCConfigurationList section */

/* Begin XCRemoteSwiftPackageReference section */
		A57AFA142D9EE93200D9AFB5 /* XCRemoteSwiftPackageReference "blockset-swift" */ = {
			isa = XCRemoteSwiftPackageReference;
			repositoryURL = "https://github.com/nolock-social/blockset-swift";
			requirement = {
				branch = main;
				kind = branch;
			};
		};
/* End XCRemoteSwiftPackageReference section */

/* Begin XCSwiftPackageProductDependency section */
		A57AFA152D9EE93200D9AFB5 /* BlockSet */ = {
			isa = XCSwiftPackageProductDependency;
			package = A57AFA142D9EE93200D9AFB5 /* XCRemoteSwiftPackageReference "blockset-swift" */;
			productName = BlockSet;
		};
/* End XCSwiftPackageProductDependency section */
	};
	rootObject = A53561F22D83D40100F420A1 /* Project object */;
}
